// !$*UTF8*$!
{
	archiveVersion = 1;
	classes = {
	};
	objectVersion = 55;
	objects = {

/* Begin PBXBuildFile section */
		8E2F03AA461627A65E802FB7 /* Pods_TRacker.framework in Frameworks */ = {isa = PBXBuildFile; fileRef = E769BD54760545970EAF1DBF /* Pods_TRacker.framework */; };
		E1F825432823B622005AF824 /* AppDelegate.swift in Sources */ = {isa = PBXBuildFile; fileRef = E1F825422823B622005AF824 /* AppDelegate.swift */; };
		E1F825452823B622005AF824 /* SceneDelegate.swift in Sources */ = {isa = PBXBuildFile; fileRef = E1F825442823B622005AF824 /* SceneDelegate.swift */; };
		E1F825472823B622005AF824 /* ViewController.swift in Sources */ = {isa = PBXBuildFile; fileRef = E1F825462823B622005AF824 /* ViewController.swift */; };
		E1F8254A2823B622005AF824 /* Main.storyboard in Resources */ = {isa = PBXBuildFile; fileRef = E1F825482823B622005AF824 /* Main.storyboard */; };
		E1F8254C2823B62A005AF824 /* Assets.xcassets in Resources */ = {isa = PBXBuildFile; fileRef = E1F8254B2823B62A005AF824 /* Assets.xcassets */; };
		E1F8254F2823B62A005AF824 /* LaunchScreen.storyboard in Resources */ = {isa = PBXBuildFile; fileRef = E1F8254D2823B62A005AF824 /* LaunchScreen.storyboard */; };
		E1F825572823BF5B005AF824 /* MapViewController.swift in Sources */ = {isa = PBXBuildFile; fileRef = E1F825562823BF5B005AF824 /* MapViewController.swift */; };
		E1F8259A282D0013005AF824 /* Location.swift in Sources */ = {isa = PBXBuildFile; fileRef = E1F82599282D0013005AF824 /* Location.swift */; };
		E1F8259C282D0028005AF824 /* UiAlerl.swift in Sources */ = {isa = PBXBuildFile; fileRef = E1F8259B282D0028005AF824 /* UiAlerl.swift */; };
		E1F8259F282D004A005AF824 /* RouteStorage.swift in Sources */ = {isa = PBXBuildFile; fileRef = E1F8259E282D004A005AF824 /* RouteStorage.swift */; };
/* End PBXBuildFile section */

/* Begin PBXFileReference section */
		95DBBA0E6DB3EB846B1E045F /* Pods-TRacker.debug.xcconfig */ = {isa = PBXFileReference; includeInIndex = 1; lastKnownFileType = text.xcconfig; name = "Pods-TRacker.debug.xcconfig"; path = "Target Support Files/Pods-TRacker/Pods-TRacker.debug.xcconfig"; sourceTree = "<group>"; };
		E1F8253F2823B622005AF824 /* TRacker.app */ = {isa = PBXFileReference; explicitFileType = wrapper.application; includeInIndex = 0; path = TRacker.app; sourceTree = BUILT_PRODUCTS_DIR; };
		E1F825422823B622005AF824 /* AppDelegate.swift */ = {isa = PBXFileReference; lastKnownFileType = sourcecode.swift; path = AppDelegate.swift; sourceTree = "<group>"; };
		E1F825442823B622005AF824 /* SceneDelegate.swift */ = {isa = PBXFileReference; lastKnownFileType = sourcecode.swift; path = SceneDelegate.swift; sourceTree = "<group>"; };
		E1F825462823B622005AF824 /* ViewController.swift */ = {isa = PBXFileReference; lastKnownFileType = sourcecode.swift; path = ViewController.swift; sourceTree = "<group>"; };
		E1F825492823B622005AF824 /* Base */ = {isa = PBXFileReference; lastKnownFileType = file.storyboard; name = Base; path = Base.lproj/Main.storyboard; sourceTree = "<group>"; };
		E1F8254B2823B62A005AF824 /* Assets.xcassets */ = {isa = PBXFileReference; lastKnownFileType = folder.assetcatalog; path = Assets.xcassets; sourceTree = "<group>"; };
		E1F8254E2823B62A005AF824 /* Base */ = {isa = PBXFileReference; lastKnownFileType = file.storyboard; name = Base; path = Base.lproj/LaunchScreen.storyboard; sourceTree = "<group>"; };
		E1F825502823B62A005AF824 /* Info.plist */ = {isa = PBXFileReference; lastKnownFileType = text.plist.xml; path = Info.plist; sourceTree = "<group>"; };
		E1F825562823BF5B005AF824 /* MapViewController.swift */ = {isa = PBXFileReference; lastKnownFileType = sourcecode.swift; path = MapViewController.swift; sourceTree = "<group>"; };
		E1F82599282D0013005AF824 /* Location.swift */ = {isa = PBXFileReference; lastKnownFileType = sourcecode.swift; path = Location.swift; sourceTree = "<group>"; };
		E1F8259B282D0028005AF824 /* UiAlerl.swift */ = {isa = PBXFileReference; lastKnownFileType = sourcecode.swift; path = UiAlerl.swift; sourceTree = "<group>"; };
		E1F8259E282D004A005AF824 /* RouteStorage.swift */ = {isa = PBXFileReference; lastKnownFileType = sourcecode.swift; path = RouteStorage.swift; sourceTree = "<group>"; };
		E769BD54760545970EAF1DBF /* Pods_TRacker.framework */ = {isa = PBXFileReference; explicitFileType = wrapper.framework; includeInIndex = 0; path = Pods_TRacker.framework; sourceTree = BUILT_PRODUCTS_DIR; };
		FEFA4A87C726650FDD40E56C /* Pods-TRacker.release.xcconfig */ = {isa = PBXFileReference; includeInIndex = 1; lastKnownFileType = text.xcconfig; name = "Pods-TRacker.release.xcconfig"; path = "Target Support Files/Pods-TRacker/Pods-TRacker.release.xcconfig"; sourceTree = "<group>"; };
/* End PBXFileReference section */

/* Begin PBXFrameworksBuildPhase section */
		E1F8253C2823B622005AF824 /* Frameworks */ = {
			isa = PBXFrameworksBuildPhase;
			buildActionMask = 2147483647;
			files = (
				8E2F03AA461627A65E802FB7 /* Pods_TRacker.framework in Frameworks */,
			);
			runOnlyForDeploymentPostprocessing = 0;
		};
/* End PBXFrameworksBuildPhase section */

/* Begin PBXGroup section */
		38645EBC814D467D6D250300 /* Pods */ = {
			isa = PBXGroup;
			children = (
				95DBBA0E6DB3EB846B1E045F /* Pods-TRacker.debug.xcconfig */,
				FEFA4A87C726650FDD40E56C /* Pods-TRacker.release.xcconfig */,
			);
			path = Pods;
			sourceTree = "<group>";
		};
		966B88326AE54ACC3392236A /* Frameworks */ = {
			isa = PBXGroup;
			children = (
				E769BD54760545970EAF1DBF /* Pods_TRacker.framework */,
			);
			name = Frameworks;
			sourceTree = "<group>";
		};
		E1F825362823B621005AF824 = {
			isa = PBXGroup;
			children = (
				E1F825412823B622005AF824 /* TRacker */,
				E1F825402823B622005AF824 /* Products */,
				38645EBC814D467D6D250300 /* Pods */,
				966B88326AE54ACC3392236A /* Frameworks */,
			);
			sourceTree = "<group>";
		};
		E1F825402823B622005AF824 /* Products */ = {
			isa = PBXGroup;
			children = (
				E1F8253F2823B622005AF824 /* TRacker.app */,
			);
			name = Products;
			sourceTree = "<group>";
		};
		E1F825412823B622005AF824 /* TRacker */ = {
			isa = PBXGroup;
			children = (
				E1F8259D282D0031005AF824 /* Realm */,
				E1F82598282CFFF9005AF824 /* Models */,
				E1F825422823B622005AF824 /* AppDelegate.swift */,
				E1F825442823B622005AF824 /* SceneDelegate.swift */,
				E1F825462823B622005AF824 /* ViewController.swift */,
				E1F825562823BF5B005AF824 /* MapViewController.swift */,
				E1F825482823B622005AF824 /* Main.storyboard */,
				E1F8254B2823B62A005AF824 /* Assets.xcassets */,
				E1F8254D2823B62A005AF824 /* LaunchScreen.storyboard */,
				E1F825502823B62A005AF824 /* Info.plist */,
			);
			path = TRacker;
			sourceTree = "<group>";
		};
		E1F82598282CFFF9005AF824 /* Models */ = {
			isa = PBXGroup;
			children = (
				E1F82599282D0013005AF824 /* Location.swift */,
				E1F8259B282D0028005AF824 /* UiAlerl.swift */,
			);
			path = Models;
			sourceTree = "<group>";
		};
		E1F8259D282D0031005AF824 /* Realm */ = {
			isa = PBXGroup;
			children = (
				E1F8259E282D004A005AF824 /* RouteStorage.swift */,
			);
			path = Realm;
			sourceTree = "<group>";
		};
/* End PBXGroup section */

/* Begin PBXNativeTarget section */
		E1F8253E2823B622005AF824 /* TRacker */ = {
			isa = PBXNativeTarget;
			buildConfigurationList = E1F825532823B62A005AF824 /* Build configuration list for PBXNativeTarget "TRacker" */;
			buildPhases = (
				6ECA903ADA1C32DCBF30B1E7 /* [CP] Check Pods Manifest.lock */,
				E1F8253B2823B622005AF824 /* Sources */,
				E1F8253C2823B622005AF824 /* Frameworks */,
				E1F8253D2823B622005AF824 /* Resources */,
				D63B858FAE782FBFE6CFF16E /* [CP] Copy Pods Resources */,
				F2F80B208FAD56512294A8E8 /* [CP] Embed Pods Frameworks */,
			);
			buildRules = (
			);
			dependencies = (
			);
			name = TRacker;
			productName = TRacker;
			productReference = E1F8253F2823B622005AF824 /* TRacker.app */;
			productType = "com.apple.product-type.application";
		};
/* End PBXNativeTarget section */

/* Begin PBXProject section */
		E1F825372823B621005AF824 /* Project object */ = {
			isa = PBXProject;
			attributes = {
				BuildIndependentTargetsInParallel = 1;
				LastSwiftUpdateCheck = 1330;
				LastUpgradeCheck = 1330;
				TargetAttributes = {
					E1F8253E2823B622005AF824 = {
						CreatedOnToolsVersion = 13.3.1;
					};
				};
			};
			buildConfigurationList = E1F8253A2823B621005AF824 /* Build configuration list for PBXProject "TRacker" */;
			compatibilityVersion = "Xcode 13.0";
			developmentRegion = en;
			hasScannedForEncodings = 0;
			knownRegions = (
				en,
				Base,
			);
			mainGroup = E1F825362823B621005AF824;
			productRefGroup = E1F825402823B622005AF824 /* Products */;
			projectDirPath = "";
			projectRoot = "";
			targets = (
				E1F8253E2823B622005AF824 /* TRacker */,
			);
		};
/* End PBXProject section */

/* Begin PBXResourcesBuildPhase section */
		E1F8253D2823B622005AF824 /* Resources */ = {
			isa = PBXResourcesBuildPhase;
			buildActionMask = 2147483647;
			files = (
				E1F8254F2823B62A005AF824 /* LaunchScreen.storyboard in Resources */,
				E1F8254C2823B62A005AF824 /* Assets.xcassets in Resources */,
				E1F8254A2823B622005AF824 /* Main.storyboard in Resources */,
			);
			runOnlyForDeploymentPostprocessing = 0;
		};
/* End PBXResourcesBuildPhase section */

/* Begin PBXShellScriptBuildPhase section */
		6ECA903ADA1C32DCBF30B1E7 /* [CP] Check Pods Manifest.lock */ = {
			isa = PBXShellScriptBuildPhase;
			buildActionMask = 2147483647;
			files = (
			);
			inputFileListPaths = (
			);
			inputPaths = (
				"${PODS_PODFILE_DIR_PATH}/Podfile.lock",
				"${PODS_ROOT}/Manifest.lock",
			);
			name = "[CP] Check Pods Manifest.lock";
			outputFileListPaths = (
			);
			outputPaths = (
				"$(DERIVED_FILE_DIR)/Pods-TRacker-checkManifestLockResult.txt",
			);
			runOnlyForDeploymentPostprocessing = 0;
			shellPath = /bin/sh;
			shellScript = "diff \"${PODS_PODFILE_DIR_PATH}/Podfile.lock\" \"${PODS_ROOT}/Manifest.lock\" > /dev/null\nif [ $? != 0 ] ; then\n    # print error to STDERR\n    echo \"error: The sandbox is not in sync with the Podfile.lock. Run 'pod install' or update your CocoaPods installation.\" >&2\n    exit 1\nfi\n# This output is used by Xcode 'outputs' to avoid re-running this script phase.\necho \"SUCCESS\" > \"${SCRIPT_OUTPUT_FILE_0}\"\n";
			showEnvVarsInLog = 0;
		};
		D63B858FAE782FBFE6CFF16E /* [CP] Copy Pods Resources */ = {
			isa = PBXShellScriptBuildPhase;
			buildActionMask = 2147483647;
			files = (
			);
			inputFileListPaths = (
				"${PODS_ROOT}/Target Support Files/Pods-TRacker/Pods-TRacker-resources-${CONFIGURATION}-input-files.xcfilelist",
			);
			name = "[CP] Copy Pods Resources";
			outputFileListPaths = (
				"${PODS_ROOT}/Target Support Files/Pods-TRacker/Pods-TRacker-resources-${CONFIGURATION}-output-files.xcfilelist",
			);
			runOnlyForDeploymentPostprocessing = 0;
			shellPath = /bin/sh;
			shellScript = "\"${PODS_ROOT}/Target Support Files/Pods-TRacker/Pods-TRacker-resources.sh\"\n";
			showEnvVarsInLog = 0;
		};
		F2F80B208FAD56512294A8E8 /* [CP] Embed Pods Frameworks */ = {
			isa = PBXShellScriptBuildPhase;
			buildActionMask = 2147483647;
			files = (
			);
			inputFileListPaths = (
				"${PODS_ROOT}/Target Support Files/Pods-TRacker/Pods-TRacker-frameworks-${CONFIGURATION}-input-files.xcfilelist",
			);
			name = "[CP] Embed Pods Frameworks";
			outputFileListPaths = (
				"${PODS_ROOT}/Target Support Files/Pods-TRacker/Pods-TRacker-frameworks-${CONFIGURATION}-output-files.xcfilelist",
			);
			runOnlyForDeploymentPostprocessing = 0;
			shellPath = /bin/sh;
			shellScript = "\"${PODS_ROOT}/Target Support Files/Pods-TRacker/Pods-TRacker-frameworks.sh\"\n";
			showEnvVarsInLog = 0;
		};
/* End PBXShellScriptBuildPhase section */

/* Begin PBXSourcesBuildPhase section */
		E1F8253B2823B622005AF824 /* Sources */ = {
			isa = PBXSourcesBuildPhase;
			buildActionMask = 2147483647;
			files = (
				E1F8259C282D0028005AF824 /* UiAlerl.swift in Sources */,
				E1F825472823B622005AF824 /* ViewController.swift in Sources */,
				E1F8259F282D004A005AF824 /* RouteStorage.swift in Sources */,
				E1F825432823B622005AF824 /* AppDelegate.swift in Sources */,
				E1F8259A282D0013005AF824 /* Location.swift in Sources */,
				E1F825452823B622005AF824 /* SceneDelegate.swift in Sources */,
				E1F825572823BF5B005AF824 /* MapViewController.swift in Sources */,
			);
			runOnlyForDeploymentPostprocessing = 0;
		};
/* End PBXSourcesBuildPhase section */

/* Begin PBXVariantGroup section */
		E1F825482823B622005AF824 /* Main.storyboard */ = {
			isa = PBXVariantGroup;
			children = (
				E1F825492823B622005AF824 /* Base */,
			);
			name = Main.storyboard;
			sourceTree = "<group>";
		};
		E1F8254D2823B62A005AF824 /* LaunchScreen.storyboard */ = {
			isa = PBXVariantGroup;
			children = (
				E1F8254E2823B62A005AF824 /* Base */,
			);
			name = LaunchScreen.storyboard;
			sourceTree = "<group>";
		};
/* End PBXVariantGroup section */

/* Begin XCBuildConfiguration section */
		E1F825512823B62A005AF824 /* Debug */ = {
			isa = XCBuildConfiguration;
			buildSettings = {
				ALWAYS_SEARCH_USER_PATHS = NO;
				CLANG_ANALYZER_NONNULL = YES;
				CLANG_ANALYZER_NUMBER_OBJECT_CONVERSION = YES_AGGRESSIVE;
				CLANG_CXX_LANGUAGE_STANDARD = "gnu++17";
				CLANG_ENABLE_MODULES = YES;
				CLANG_ENABLE_OBJC_ARC = YES;
				CLANG_ENABLE_OBJC_WEAK = YES;
				CLANG_WARN_BLOCK_CAPTURE_AUTORELEASING = YES;
				CLANG_WARN_BOOL_CONVERSION = YES;
				CLANG_WARN_COMMA = YES;
				CLANG_WARN_CONSTANT_CONVERSION = YES;
				CLANG_WARN_DEPRECATED_OBJC_IMPLEMENTATIONS = YES;
				CLANG_WARN_DIRECT_OBJC_ISA_USAGE = YES_ERROR;
				CLANG_WARN_DOCUMENTATION_COMMENTS = YES;
				CLANG_WARN_EMPTY_BODY = YES;
				CLANG_WARN_ENUM_CONVERSION = YES;
				CLANG_WARN_INFINITE_RECURSION = YES;
				CLANG_WARN_INT_CONVERSION = YES;
				CLANG_WARN_NON_LITERAL_NULL_CONVERSION = YES;
				CLANG_WARN_OBJC_IMPLICIT_RETAIN_SELF = YES;
				CLANG_WARN_OBJC_LITERAL_CONVERSION = YES;
				CLANG_WARN_OBJC_ROOT_CLASS = YES_ERROR;
				CLANG_WARN_QUOTED_INCLUDE_IN_FRAMEWORK_HEADER = YES;
				CLANG_WARN_RANGE_LOOP_ANALYSIS = YES;
				CLANG_WARN_STRICT_PROTOTYPES = YES;
				CLANG_WARN_SUSPICIOUS_MOVE = YES;
				CLANG_WARN_UNGUARDED_AVAILABILITY = YES_AGGRESSIVE;
				CLANG_WARN_UNREACHABLE_CODE = YES;
				CLANG_WARN__DUPLICATE_METHOD_MATCH = YES;
				COPY_PHASE_STRIP = NO;
				DEBUG_INFORMATION_FORMAT = dwarf;
				ENABLE_STRICT_OBJC_MSGSEND = YES;
				ENABLE_TESTABILITY = YES;
				GCC_C_LANGUAGE_STANDARD = gnu11;
				GCC_DYNAMIC_NO_PIC = NO;
				GCC_NO_COMMON_BLOCKS = YES;
				GCC_OPTIMIZATION_LEVEL = 0;
				GCC_PREPROCESSOR_DEFINITIONS = (
					"DEBUG=1",
					"$(inherited)",
				);
				GCC_WARN_64_TO_32_BIT_CONVERSION = YES;
				GCC_WARN_ABOUT_RETURN_TYPE = YES_ERROR;
				GCC_WARN_UNDECLARED_SELECTOR = YES;
				GCC_WARN_UNINITIALIZED_AUTOS = YES_AGGRESSIVE;
				GCC_WARN_UNUSED_FUNCTION = YES;
				GCC_WARN_UNUSED_VARIABLE = YES;
				IPHONEOS_DEPLOYMENT_TARGET = 15.4;
				MTL_ENABLE_DEBUG_INFO = INCLUDE_SOURCE;
				MTL_FAST_MATH = YES;
				ONLY_ACTIVE_ARCH = YES;
				SDKROOT = iphoneos;
				SWIFT_ACTIVE_COMPILATION_CONDITIONS = DEBUG;
				SWIFT_OPTIMIZATION_LEVEL = "-Onone";
			};
			name = Debug;
		};
		E1F825522823B62A005AF824 /* Release */ = {
			isa = XCBuildConfiguration;
			buildSettings = {
				ALWAYS_SEARCH_USER_PATHS = NO;
				CLANG_ANALYZER_NONNULL = YES;
				CLANG_ANALYZER_NUMBER_OBJECT_CONVERSION = YES_AGGRESSIVE;
				CLANG_CXX_LANGUAGE_STANDARD = "gnu++17";
				CLANG_ENABLE_MODULES = YES;
				CLANG_ENABLE_OBJC_ARC = YES;
				CLANG_ENABLE_OBJC_WEAK = YES;
				CLANG_WARN_BLOCK_CAPTURE_AUTORELEASING = YES;
				CLANG_WARN_BOOL_CONVERSION = YES;
				CLANG_WARN_COMMA = YES;
				CLANG_WARN_CONSTANT_CONVERSION = YES;
				CLANG_WARN_DEPRECATED_OBJC_IMPLEMENTATIONS = YES;
				CLANG_WARN_DIRECT_OBJC_ISA_USAGE = YES_ERROR;
				CLANG_WARN_DOCUMENTATION_COMMENTS = YES;
				CLANG_WARN_EMPTY_BODY = YES;
				CLANG_WARN_ENUM_CONVERSION = YES;
				CLANG_WARN_INFINITE_RECURSION = YES;
				CLANG_WARN_INT_CONVERSION = YES;
				CLANG_WARN_NON_LITERAL_NULL_CONVERSION = YES;
				CLANG_WARN_OBJC_IMPLICIT_RETAIN_SELF = YES;
				CLANG_WARN_OBJC_LITERAL_CONVERSION = YES;
				CLANG_WARN_OBJC_ROOT_CLASS = YES_ERROR;
				CLANG_WARN_QUOTED_INCLUDE_IN_FRAMEWORK_HEADER = YES;
				CLANG_WARN_RANGE_LOOP_ANALYSIS = YES;
				CLANG_WARN_STRICT_PROTOTYPES = YES;
				CLANG_WARN_SUSPICIOUS_MOVE = YES;
				CLANG_WARN_UNGUARDED_AVAILABILITY = YES_AGGRESSIVE;
				CLANG_WARN_UNREACHABLE_CODE = YES;
				CLANG_WARN__DUPLICATE_METHOD_MATCH = YES;
				COPY_PHASE_STRIP = NO;
				DEBUG_INFORMATION_FORMAT = "dwarf-with-dsym";
				ENABLE_NS_ASSERTIONS = NO;
				ENABLE_STRICT_OBJC_MSGSEND = YES;
				GCC_C_LANGUAGE_STANDARD = gnu11;
				GCC_NO_COMMON_BLOCKS = YES;
				GCC_WARN_64_TO_32_BIT_CONVERSION = YES;
				GCC_WARN_ABOUT_RETURN_TYPE = YES_ERROR;
				GCC_WARN_UNDECLARED_SELECTOR = YES;
				GCC_WARN_UNINITIALIZED_AUTOS = YES_AGGRESSIVE;
				GCC_WARN_UNUSED_FUNCTION = YES;
				GCC_WARN_UNUSED_VARIABLE = YES;
				IPHONEOS_DEPLOYMENT_TARGET = 15.4;
				MTL_ENABLE_DEBUG_INFO = NO;
				MTL_FAST_MATH = YES;
				SDKROOT = iphoneos;
				SWIFT_COMPILATION_MODE = wholemodule;
				SWIFT_OPTIMIZATION_LEVEL = "-O";
				VALIDATE_PRODUCT = YES;
			};
			name = Release;
		};
		E1F825542823B62A005AF824 /* Debug */ = {
			isa = XCBuildConfiguration;
			baseConfigurationReference = 95DBBA0E6DB3EB846B1E045F /* Pods-TRacker.debug.xcconfig */;
			buildSettings = {
				ASSETCATALOG_COMPILER_APPICON_NAME = AppIcon;
				ASSETCATALOG_COMPILER_GLOBAL_ACCENT_COLOR_NAME = AccentColor;
				CODE_SIGN_STYLE = Automatic;
				CURRENT_PROJECT_VERSION = 1;
				GENERATE_INFOPLIST_FILE = YES;
				INFOPLIST_FILE = TRacker/Info.plist;
				INFOPLIST_KEY_NSFileProviderDomainUsageDescription = "Вот так вот";
				INFOPLIST_KEY_UIApplicationSupportsIndirectInputEvents = YES;
				INFOPLIST_KEY_UILaunchStoryboardName = LaunchScreen;
				INFOPLIST_KEY_UIMainStoryboardFile = Main;
				INFOPLIST_KEY_UISupportedInterfaceOrientations_iPad = "UIInterfaceOrientationPortrait UIInterfaceOrientationPortraitUpsideDown UIInterfaceOrientationLandscapeLeft UIInterfaceOrientationLandscapeRight";
				INFOPLIST_KEY_UISupportedInterfaceOrientations_iPhone = "UIInterfaceOrientationPortrait UIInterfaceOrientationLandscapeLeft UIInterfaceOrientationLandscapeRight";
				LD_RUNPATH_SEARCH_PATHS = (
					"$(inherited)",
					"@executable_path/Frameworks",
				);
				MARKETING_VERSION = 1.0;
				PRODUCT_BUNDLE_IDENTIFIER = "Konstantin-Kamenchukov.TRacker";
				PRODUCT_NAME = "$(TARGET_NAME)";
				SWIFT_EMIT_LOC_STRINGS = YES;
				SWIFT_VERSION = 5.0;
				TARGETED_DEVICE_FAMILY = "1,2";
			};
			name = Debug;
		};
		E1F825552823B62A005AF824 /* Release */ = {
			isa = XCBuildConfiguration;
			baseConfigurationReference = FEFA4A87C726650FDD40E56C /* Pods-TRacker.release.xcconfig */;
			buildSettings = {
				ASSETCATALOG_COMPILER_APPICON_NAME = AppIcon;
				ASSETCATALOG_COMPILER_GLOBAL_ACCENT_COLOR_NAME = AccentColor;
				CODE_SIGN_STYLE = Automatic;
				CURRENT_PROJECT_VERSION = 1;
				GENERATE_INFOPLIST_FILE = YES;
				INFOPLIST_FILE = TRacker/Info.plist;
				INFOPLIST_KEY_NSFileProviderDomainUsageDescription = "Вот так вот";
				INFOPLIST_KEY_UIApplicationSupportsIndirectInputEvents = YES;
				INFOPLIST_KEY_UILaunchStoryboardName = LaunchScreen;
				INFOPLIST_KEY_UIMainStoryboardFile = Main;
				INFOPLIST_KEY_UISupportedInterfaceOrientations_iPad = "UIInterfaceOrientationPortrait UIInterfaceOrientationPortraitUpsideDown UIInterfaceOrientationLandscapeLeft UIInterfaceOrientationLandscapeRight";
				INFOPLIST_KEY_UISupportedInterfaceOrientations_iPhone = "UIInterfaceOrientationPortrait UIInterfaceOrientationLandscapeLeft UIInterfaceOrientationLandscapeRight";
				LD_RUNPATH_SEARCH_PATHS = (
					"$(inherited)",
					"@executable_path/Frameworks",
				);
				MARKETING_VERSION = 1.0;
				PRODUCT_BUNDLE_IDENTIFIER = "Konstantin-Kamenchukov.TRacker";
				PRODUCT_NAME = "$(TARGET_NAME)";
				SWIFT_EMIT_LOC_STRINGS = YES;
				SWIFT_VERSION = 5.0;
				TARGETED_DEVICE_FAMILY = "1,2";
			};
			name = Release;
		};
/* End XCBuildConfiguration section */

/* Begin XCConfigurationList section */
		E1F8253A2823B621005AF824 /* Build configuration list for PBXProject "TRacker" */ = {
			isa = XCConfigurationList;
			buildConfigurations = (
				E1F825512823B62A005AF824 /* Debug */,
				E1F825522823B62A005AF824 /* Release */,
			);
			defaultConfigurationIsVisible = 0;
			defaultConfigurationName = Release;
		};
		E1F825532823B62A005AF824 /* Build configuration list for PBXNativeTarget "TRacker" */ = {
			isa = XCConfigurationList;
			buildConfigurations = (
				E1F825542823B62A005AF824 /* Debug */,
				E1F825552823B62A005AF824 /* Release */,
			);
			defaultConfigurationIsVisible = 0;
			defaultConfigurationName = Release;
		};
/* End XCConfigurationList section */
	};
	rootObject = E1F825372823B621005AF824 /* Project object */;
}
